PODS:
  - WebEngage (4.9.1):
    - WebEngage/Xcode10 (= 4.9.1)
  - WebEngage/Xcode10 (4.9.1)

DEPENDENCIES:
  - WebEngage

SPEC REPOS:
  https://github.com/cocoapods/specs.git:
    - WebEngage

SPEC CHECKSUMS:
  WebEngage: b77d3bc788974bd978354df4554a49481bee825f

PODFILE CHECKSUM: cd1f18c440451f2e9c456d0a65b7d389c03d931b

COCOAPODS: 1.7.3
