PODS:
  - WebEngage (4.0.19):
    - WebEngage/Xcode9 (= 4.0.19)
  - WebEngage/Xcode9 (4.0.19)

DEPENDENCIES:
  - WebEngage

SPEC REPOS:
  https://github.com/cocoapods/specs.git:
    - WebEngage

SPEC CHECKSUMS:
  WebEngage: fd07a7e89870f9ce475a293a4a009b1cf35abf8b

PODFILE CHECKSUM: 7d14d09edad50560e7d245b04aea027c9f80e0e1

COCOAPODS: 1.5.3
